
Microsoft Visual Studio Solution File, Format Version 12.00
# Visual Studio Version 17
VisualStudioVersion = 17.1.31903.286
MinimumVisualStudioVersion = 10.0.40219.1
Project("{9A19103F-16F7-4668-BE54-9A1E7A4F7556}") = "Shared", "Shared\Shared.csproj", "{D3D22F24-FCEC-4B0F-86C7-8F47B0D5A046}"
EndProject
Project("{9A19103F-16F7-4668-BE54-9A1E7A4F7556}") = "Stock.API", "Stock.API\Stock.API.csproj", "{EB3D0D6B-67AD-461A-AD35-4949562502E4}"
EndProject
Project("{9A19103F-16F7-4668-BE54-9A1E7A4F7556}") = "Order.API", "Order.API\Order.API.csproj", "{F3F68F31-3C54-4405-82AA-30AC817C6F1A}"
EndProject
Project("{9A19103F-16F7-4668-BE54-9A1E7A4F7556}") = "Payment.API", "Payment.API\Payment.API.csproj", "{9ECCAF09-03A9-4C32-A94A-2A4650FA9CBF}"
EndProject
Project("{9A19103F-16F7-4668-BE54-9A1E7A4F7556}") = "Product.API", "Product.API\Product.API.csproj", "{4085934A-5B53-452C-BE45-714CEB920168}"
EndProject
Project("{FAE04EC0-301F-11D3-BF4B-00C04F79EFBC}") = "Dashboard.API", "Dashboard.API\Dashboard.API.csproj", "{DF5622D0-489F-43F2-B6A2-271FC75F7D47}"
EndProject
Global
	GlobalSection(SolutionConfigurationPlatforms) = preSolution
		Debug|Any CPU = Debug|Any CPU
		Release|Any CPU = Release|Any CPU
	EndGlobalSection
	GlobalSection(ProjectConfigurationPlatforms) = postSolution
		{D3D22F24-FCEC-4B0F-86C7-8F47B0D5A046}.Debug|Any CPU.ActiveCfg = Debug|Any CPU
		{D3D22F24-FCEC-4B0F-86C7-8F47B0D5A046}.Debug|Any CPU.Build.0 = Debug|Any CPU
		{D3D22F24-FCEC-4B0F-86C7-8F47B0D5A046}.Release|Any CPU.ActiveCfg = Release|Any CPU
		{D3D22F24-FCEC-4B0F-86C7-8F47B0D5A046}.Release|Any CPU.Build.0 = Release|Any CPU
		{EB3D0D6B-67AD-461A-AD35-4949562502E4}.Debug|Any CPU.ActiveCfg = Debug|Any CPU
		{EB3D0D6B-67AD-461A-AD35-4949562502E4}.Debug|Any CPU.Build.0 = Debug|Any CPU
		{EB3D0D6B-67AD-461A-AD35-4949562502E4}.Release|Any CPU.ActiveCfg = Release|Any CPU
		{EB3D0D6B-67AD-461A-AD35-4949562502E4}.Release|Any CPU.Build.0 = Release|Any CPU
		{F3F68F31-3C54-4405-82AA-30AC817C6F1A}.Debug|Any CPU.ActiveCfg = Debug|Any CPU
		{F3F68F31-3C54-4405-82AA-30AC817C6F1A}.Debug|Any CPU.Build.0 = Debug|Any CPU
		{F3F68F31-3C54-4405-82AA-30AC817C6F1A}.Release|Any CPU.ActiveCfg = Release|Any CPU
		{F3F68F31-3C54-4405-82AA-30AC817C6F1A}.Release|Any CPU.Build.0 = Release|Any CPU
		{9ECCAF09-03A9-4C32-A94A-2A4650FA9CBF}.Debug|Any CPU.ActiveCfg = Debug|Any CPU
		{9ECCAF09-03A9-4C32-A94A-2A4650FA9CBF}.Debug|Any CPU.Build.0 = Debug|Any CPU
		{9ECCAF09-03A9-4C32-A94A-2A4650FA9CBF}.Release|Any CPU.ActiveCfg = Release|Any CPU
		{9ECCAF09-03A9-4C32-A94A-2A4650FA9CBF}.Release|Any CPU.Build.0 = Release|Any CPU
		{4085934A-5B53-452C-BE45-714CEB920168}.Debug|Any CPU.ActiveCfg = Debug|Any CPU
		{4085934A-5B53-452C-BE45-714CEB920168}.Debug|Any CPU.Build.0 = Debug|Any CPU
		{4085934A-5B53-452C-BE45-714CEB920168}.Release|Any CPU.ActiveCfg = Release|Any CPU
		{4085934A-5B53-452C-BE45-714CEB920168}.Release|Any CPU.Build.0 = Release|Any CPU
		{DF5622D0-489F-43F2-B6A2-271FC75F7D47}.Debug|Any CPU.ActiveCfg = Debug|Any CPU
		{DF5622D0-489F-43F2-B6A2-271FC75F7D47}.Debug|Any CPU.Build.0 = Debug|Any CPU
		{DF5622D0-489F-43F2-B6A2-271FC75F7D47}.Release|Any CPU.ActiveCfg = Release|Any CPU
		{DF5622D0-489F-43F2-B6A2-271FC75F7D47}.Release|Any CPU.Build.0 = Release|Any CPU
	EndGlobalSection
	GlobalSection(SolutionProperties) = preSolution
		HideSolutionNode = FALSE
	EndGlobalSection
	GlobalSection(ExtensibilityGlobals) = postSolution
		SolutionGuid = {79F5D79F-DCC1-4CF3-9971-D86434C9C74E}
	EndGlobalSection
EndGlobal
